// !$*UTF8*$!
{
	archiveVersion = 1;
	classes = {
	};
	objectVersion = 56;
	objects = {

/* Begin PBXBuildFile section */
		8CCC2A362B1F07EA00BED58C /* AppDelegate.swift in Sources */ = {isa = PBXBuildFile; fileRef = 8CCC2A352B1F07EA00BED58C /* AppDelegate.swift */; };
		8CCC2A382B1F07EA00BED58C /* SceneDelegate.swift in Sources */ = {isa = PBXBuildFile; fileRef = 8CCC2A372B1F07EA00BED58C /* SceneDelegate.swift */; };
		8CCC2A3A2B1F07EA00BED58C /* ViewController.swift in Sources */ = {isa = PBXBuildFile; fileRef = 8CCC2A392B1F07EA00BED58C /* ViewController.swift */; };
		8CCC2A3D2B1F07EA00BED58C /* Main.storyboard in Resources */ = {isa = PBXBuildFile; fileRef = 8CCC2A3B2B1F07EA00BED58C /* Main.storyboard */; };
		8CCC2A3F2B1F07EB00BED58C /* Assets.xcassets in Resources */ = {isa = PBXBuildFile; fileRef = 8CCC2A3E2B1F07EB00BED58C /* Assets.xcassets */; };
		8CCC2A422B1F07EB00BED58C /* LaunchScreen.storyboard in Resources */ = {isa = PBXBuildFile; fileRef = 8CCC2A402B1F07EB00BED58C /* LaunchScreen.storyboard */; };
		8CCC2A4D2B1F07EC00BED58C /* BluetoothRemoteTests.swift in Sources */ = {isa = PBXBuildFile; fileRef = 8CCC2A4C2B1F07EC00BED58C /* BluetoothRemoteTests.swift */; };
		8CCC2A572B1F07EC00BED58C /* BluetoothRemoteUITests.swift in Sources */ = {isa = PBXBuildFile; fileRef = 8CCC2A562B1F07EC00BED58C /* BluetoothRemoteUITests.swift */; };
		8CCC2A592B1F07EC00BED58C /* BluetoothRemoteUITestsLaunchTests.swift in Sources */ = {isa = PBXBuildFile; fileRef = 8CCC2A582B1F07EC00BED58C /* BluetoothRemoteUITestsLaunchTests.swift */; };
		8CCC2A662B1F0CED00BED58C /* CustomPeripheral.swift in Sources */ = {isa = PBXBuildFile; fileRef = 8CCC2A652B1F0CED00BED58C /* CustomPeripheral.swift */; };
/* End PBXBuildFile section */

/* Begin PBXContainerItemProxy section */
		8CCC2A492B1F07EC00BED58C /* PBXContainerItemProxy */ = {
			isa = PBXContainerItemProxy;
			containerPortal = 8CCC2A2A2B1F07E900BED58C /* Project object */;
			proxyType = 1;
			remoteGlobalIDString = 8CCC2A312B1F07E900BED58C;
			remoteInfo = BluetoothRemote;
		};
		8CCC2A532B1F07EC00BED58C /* PBXContainerItemProxy */ = {
			isa = PBXContainerItemProxy;
			containerPortal = 8CCC2A2A2B1F07E900BED58C /* Project object */;
			proxyType = 1;
			remoteGlobalIDString = 8CCC2A312B1F07E900BED58C;
			remoteInfo = BluetoothRemote;
		};
/* End PBXContainerItemProxy section */

/* Begin PBXFileReference section */
		8CCC2A322B1F07E900BED58C /* BluetoothRemote.app */ = {isa = PBXFileReference; explicitFileType = wrapper.application; includeInIndex = 0; path = BluetoothRemote.app; sourceTree = BUILT_PRODUCTS_DIR; };
		8CCC2A352B1F07EA00BED58C /* AppDelegate.swift */ = {isa = PBXFileReference; lastKnownFileType = sourcecode.swift; path = AppDelegate.swift; sourceTree = "<group>"; };
		8CCC2A372B1F07EA00BED58C /* SceneDelegate.swift */ = {isa = PBXFileReference; lastKnownFileType = sourcecode.swift; path = SceneDelegate.swift; sourceTree = "<group>"; };
		8CCC2A392B1F07EA00BED58C /* ViewController.swift */ = {isa = PBXFileReference; lastKnownFileType = sourcecode.swift; path = ViewController.swift; sourceTree = "<group>"; };
		8CCC2A3C2B1F07EA00BED58C /* Base */ = {isa = PBXFileReference; lastKnownFileType = file.storyboard; name = Base; path = Base.lproj/Main.storyboard; sourceTree = "<group>"; };
		8CCC2A3E2B1F07EB00BED58C /* Assets.xcassets */ = {isa = PBXFileReference; lastKnownFileType = folder.assetcatalog; path = Assets.xcassets; sourceTree = "<group>"; };
		8CCC2A412B1F07EB00BED58C /* Base */ = {isa = PBXFileReference; lastKnownFileType = file.storyboard; name = Base; path = Base.lproj/LaunchScreen.storyboard; sourceTree = "<group>"; };
		8CCC2A432B1F07EB00BED58C /* Info.plist */ = {isa = PBXFileReference; lastKnownFileType = text.plist.xml; path = Info.plist; sourceTree = "<group>"; };
		8CCC2A482B1F07EC00BED58C /* BluetoothRemoteTests.xctest */ = {isa = PBXFileReference; explicitFileType = wrapper.cfbundle; includeInIndex = 0; path = BluetoothRemoteTests.xctest; sourceTree = BUILT_PRODUCTS_DIR; };
		8CCC2A4C2B1F07EC00BED58C /* BluetoothRemoteTests.swift */ = {isa = PBXFileReference; lastKnownFileType = sourcecode.swift; path = BluetoothRemoteTests.swift; sourceTree = "<group>"; };
		8CCC2A522B1F07EC00BED58C /* BluetoothRemoteUITests.xctest */ = {isa = PBXFileReference; explicitFileType = wrapper.cfbundle; includeInIndex = 0; path = BluetoothRemoteUITests.xctest; sourceTree = BUILT_PRODUCTS_DIR; };
		8CCC2A562B1F07EC00BED58C /* BluetoothRemoteUITests.swift */ = {isa = PBXFileReference; lastKnownFileType = sourcecode.swift; path = BluetoothRemoteUITests.swift; sourceTree = "<group>"; };
		8CCC2A582B1F07EC00BED58C /* BluetoothRemoteUITestsLaunchTests.swift */ = {isa = PBXFileReference; lastKnownFileType = sourcecode.swift; path = BluetoothRemoteUITestsLaunchTests.swift; sourceTree = "<group>"; };
		8CCC2A652B1F0CED00BED58C /* CustomPeripheral.swift */ = {isa = PBXFileReference; lastKnownFileType = sourcecode.swift; path = CustomPeripheral.swift; sourceTree = "<group>"; };
/* End PBXFileReference section */

/* Begin PBXFrameworksBuildPhase section */
		8CCC2A2F2B1F07E900BED58C /* Frameworks */ = {
			isa = PBXFrameworksBuildPhase;
			buildActionMask = 2147483647;
			files = (
			);
			runOnlyForDeploymentPostprocessing = 0;
		};
		8CCC2A452B1F07EC00BED58C /* Frameworks */ = {
			isa = PBXFrameworksBuildPhase;
			buildActionMask = 2147483647;
			files = (
			);
			runOnlyForDeploymentPostprocessing = 0;
		};
		8CCC2A4F2B1F07EC00BED58C /* Frameworks */ = {
			isa = PBXFrameworksBuildPhase;
			buildActionMask = 2147483647;
			files = (
			);
			runOnlyForDeploymentPostprocessing = 0;
		};
/* End PBXFrameworksBuildPhase section */

/* Begin PBXGroup section */
		8CCC2A292B1F07E900BED58C = {
			isa = PBXGroup;
			children = (
				8CCC2A342B1F07EA00BED58C /* BluetoothRemote */,
				8CCC2A4B2B1F07EC00BED58C /* BluetoothRemoteTests */,
				8CCC2A552B1F07EC00BED58C /* BluetoothRemoteUITests */,
				8CCC2A332B1F07E900BED58C /* Products */,
			);
			sourceTree = "<group>";
		};
		8CCC2A332B1F07E900BED58C /* Products */ = {
			isa = PBXGroup;
			children = (
				8CCC2A322B1F07E900BED58C /* BluetoothRemote.app */,
				8CCC2A482B1F07EC00BED58C /* BluetoothRemoteTests.xctest */,
				8CCC2A522B1F07EC00BED58C /* BluetoothRemoteUITests.xctest */,
			);
			name = Products;
			sourceTree = "<group>";
		};
		8CCC2A342B1F07EA00BED58C /* BluetoothRemote */ = {
			isa = PBXGroup;
			children = (
				8CCC2A352B1F07EA00BED58C /* AppDelegate.swift */,
				8CCC2A372B1F07EA00BED58C /* SceneDelegate.swift */,
				8CCC2A392B1F07EA00BED58C /* ViewController.swift */,
				8CCC2A652B1F0CED00BED58C /* CustomPeripheral.swift */,
				8CCC2A3B2B1F07EA00BED58C /* Main.storyboard */,
				8CCC2A3E2B1F07EB00BED58C /* Assets.xcassets */,
				8CCC2A402B1F07EB00BED58C /* LaunchScreen.storyboard */,
				8CCC2A432B1F07EB00BED58C /* Info.plist */,
			);
			path = BluetoothRemote;
			sourceTree = "<group>";
		};
		8CCC2A4B2B1F07EC00BED58C /* BluetoothRemoteTests */ = {
			isa = PBXGroup;
			children = (
				8CCC2A4C2B1F07EC00BED58C /* BluetoothRemoteTests.swift */,
			);
			path = BluetoothRemoteTests;
			sourceTree = "<group>";
		};
		8CCC2A552B1F07EC00BED58C /* BluetoothRemoteUITests */ = {
			isa = PBXGroup;
			children = (
				8CCC2A562B1F07EC00BED58C /* BluetoothRemoteUITests.swift */,
				8CCC2A582B1F07EC00BED58C /* BluetoothRemoteUITestsLaunchTests.swift */,
			);
			path = BluetoothRemoteUITests;
			sourceTree = "<group>";
		};
/* End PBXGroup section */

/* Begin PBXNativeTarget section */
		8CCC2A312B1F07E900BED58C /* BluetoothRemote */ = {
			isa = PBXNativeTarget;
			buildConfigurationList = 8CCC2A5C2B1F07EC00BED58C /* Build configuration list for PBXNativeTarget "BluetoothRemote" */;
			buildPhases = (
				8CCC2A2E2B1F07E900BED58C /* Sources */,
				8CCC2A2F2B1F07E900BED58C /* Frameworks */,
				8CCC2A302B1F07E900BED58C /* Resources */,
			);
			buildRules = (
			);
			dependencies = (
			);
			name = BluetoothRemote;
			productName = BluetoothRemote;
			productReference = 8CCC2A322B1F07E900BED58C /* BluetoothRemote.app */;
			productType = "com.apple.product-type.application";
		};
		8CCC2A472B1F07EC00BED58C /* BluetoothRemoteTests */ = {
			isa = PBXNativeTarget;
			buildConfigurationList = 8CCC2A5F2B1F07EC00BED58C /* Build configuration list for PBXNativeTarget "BluetoothRemoteTests" */;
			buildPhases = (
				8CCC2A442B1F07EC00BED58C /* Sources */,
				8CCC2A452B1F07EC00BED58C /* Frameworks */,
				8CCC2A462B1F07EC00BED58C /* Resources */,
			);
			buildRules = (
			);
			dependencies = (
				8CCC2A4A2B1F07EC00BED58C /* PBXTargetDependency */,
			);
			name = BluetoothRemoteTests;
			productName = BluetoothRemoteTests;
			productReference = 8CCC2A482B1F07EC00BED58C /* BluetoothRemoteTests.xctest */;
			productType = "com.apple.product-type.bundle.unit-test";
		};
		8CCC2A512B1F07EC00BED58C /* BluetoothRemoteUITests */ = {
			isa = PBXNativeTarget;
			buildConfigurationList = 8CCC2A622B1F07EC00BED58C /* Build configuration list for PBXNativeTarget "BluetoothRemoteUITests" */;
			buildPhases = (
				8CCC2A4E2B1F07EC00BED58C /* Sources */,
				8CCC2A4F2B1F07EC00BED58C /* Frameworks */,
				8CCC2A502B1F07EC00BED58C /* Resources */,
			);
			buildRules = (
			);
			dependencies = (
				8CCC2A542B1F07EC00BED58C /* PBXTargetDependency */,
			);
			name = BluetoothRemoteUITests;
			productName = BluetoothRemoteUITests;
			productReference = 8CCC2A522B1F07EC00BED58C /* BluetoothRemoteUITests.xctest */;
			productType = "com.apple.product-type.bundle.ui-testing";
		};
/* End PBXNativeTarget section */

/* Begin PBXProject section */
		8CCC2A2A2B1F07E900BED58C /* Project object */ = {
			isa = PBXProject;
			attributes = {
				BuildIndependentTargetsInParallel = 1;
				LastSwiftUpdateCheck = 1500;
				LastUpgradeCheck = 1500;
				TargetAttributes = {
					8CCC2A312B1F07E900BED58C = {
						CreatedOnToolsVersion = 15.0.1;
					};
					8CCC2A472B1F07EC00BED58C = {
						CreatedOnToolsVersion = 15.0.1;
						TestTargetID = 8CCC2A312B1F07E900BED58C;
					};
					8CCC2A512B1F07EC00BED58C = {
						CreatedOnToolsVersion = 15.0.1;
						TestTargetID = 8CCC2A312B1F07E900BED58C;
					};
				};
			};
			buildConfigurationList = 8CCC2A2D2B1F07E900BED58C /* Build configuration list for PBXProject "BluetoothRemote" */;
			compatibilityVersion = "Xcode 14.0";
			developmentRegion = en;
			hasScannedForEncodings = 0;
			knownRegions = (
				en,
				Base,
			);
			mainGroup = 8CCC2A292B1F07E900BED58C;
			productRefGroup = 8CCC2A332B1F07E900BED58C /* Products */;
			projectDirPath = "";
			projectRoot = "";
			targets = (
				8CCC2A312B1F07E900BED58C /* BluetoothRemote */,
				8CCC2A472B1F07EC00BED58C /* BluetoothRemoteTests */,
				8CCC2A512B1F07EC00BED58C /* BluetoothRemoteUITests */,
			);
		};
/* End PBXProject section */

/* Begin PBXResourcesBuildPhase section */
		8CCC2A302B1F07E900BED58C /* Resources */ = {
			isa = PBXResourcesBuildPhase;
			buildActionMask = 2147483647;
			files = (
				8CCC2A422B1F07EB00BED58C /* LaunchScreen.storyboard in Resources */,
				8CCC2A3F2B1F07EB00BED58C /* Assets.xcassets in Resources */,
				8CCC2A3D2B1F07EA00BED58C /* Main.storyboard in Resources */,
			);
			runOnlyForDeploymentPostprocessing = 0;
		};
		8CCC2A462B1F07EC00BED58C /* Resources */ = {
			isa = PBXResourcesBuildPhase;
			buildActionMask = 2147483647;
			files = (
			);
			runOnlyForDeploymentPostprocessing = 0;
		};
		8CCC2A502B1F07EC00BED58C /* Resources */ = {
			isa = PBXResourcesBuildPhase;
			buildActionMask = 2147483647;
			files = (
			);
			runOnlyForDeploymentPostprocessing = 0;
		};
/* End PBXResourcesBuildPhase section */

/* Begin PBXSourcesBuildPhase section */
		8CCC2A2E2B1F07E900BED58C /* Sources */ = {
			isa = PBXSourcesBuildPhase;
			buildActionMask = 2147483647;
			files = (
				8CCC2A662B1F0CED00BED58C /* CustomPeripheral.swift in Sources */,
				8CCC2A3A2B1F07EA00BED58C /* ViewController.swift in Sources */,
				8CCC2A362B1F07EA00BED58C /* AppDelegate.swift in Sources */,
				8CCC2A382B1F07EA00BED58C /* SceneDelegate.swift in Sources */,
			);
			runOnlyForDeploymentPostprocessing = 0;
		};
		8CCC2A442B1F07EC00BED58C /* Sources */ = {
			isa = PBXSourcesBuildPhase;
			buildActionMask = 2147483647;
			files = (
				8CCC2A4D2B1F07EC00BED58C /* BluetoothRemoteTests.swift in Sources */,
			);
			runOnlyForDeploymentPostprocessing = 0;
		};
		8CCC2A4E2B1F07EC00BED58C /* Sources */ = {
			isa = PBXSourcesBuildPhase;
			buildActionMask = 2147483647;
			files = (
				8CCC2A572B1F07EC00BED58C /* BluetoothRemoteUITests.swift in Sources */,
				8CCC2A592B1F07EC00BED58C /* BluetoothRemoteUITestsLaunchTests.swift in Sources */,
			);
			runOnlyForDeploymentPostprocessing = 0;
		};
/* End PBXSourcesBuildPhase section */

/* Begin PBXTargetDependency section */
		8CCC2A4A2B1F07EC00BED58C /* PBXTargetDependency */ = {
			isa = PBXTargetDependency;
			target = 8CCC2A312B1F07E900BED58C /* BluetoothRemote */;
			targetProxy = 8CCC2A492B1F07EC00BED58C /* PBXContainerItemProxy */;
		};
		8CCC2A542B1F07EC00BED58C /* PBXTargetDependency */ = {
			isa = PBXTargetDependency;
			target = 8CCC2A312B1F07E900BED58C /* BluetoothRemote */;
			targetProxy = 8CCC2A532B1F07EC00BED58C /* PBXContainerItemProxy */;
		};
/* End PBXTargetDependency section */

/* Begin PBXVariantGroup section */
		8CCC2A3B2B1F07EA00BED58C /* Main.storyboard */ = {
			isa = PBXVariantGroup;
			children = (
				8CCC2A3C2B1F07EA00BED58C /* Base */,
			);
			name = Main.storyboard;
			sourceTree = "<group>";
		};
		8CCC2A402B1F07EB00BED58C /* LaunchScreen.storyboard */ = {
			isa = PBXVariantGroup;
			children = (
				8CCC2A412B1F07EB00BED58C /* Base */,
			);
			name = LaunchScreen.storyboard;
			sourceTree = "<group>";
		};
/* End PBXVariantGroup section */

/* Begin XCBuildConfiguration section */
		8CCC2A5A2B1F07EC00BED58C /* Debug */ = {
			isa = XCBuildConfiguration;
			buildSettings = {
				ALWAYS_SEARCH_USER_PATHS = NO;
				ASSETCATALOG_COMPILER_GENERATE_SWIFT_ASSET_SYMBOL_EXTENSIONS = YES;
				CLANG_ANALYZER_NONNULL = YES;
				CLANG_ANALYZER_NUMBER_OBJECT_CONVERSION = YES_AGGRESSIVE;
				CLANG_CXX_LANGUAGE_STANDARD = "gnu++20";
				CLANG_ENABLE_MODULES = YES;
				CLANG_ENABLE_OBJC_ARC = YES;
				CLANG_ENABLE_OBJC_WEAK = YES;
				CLANG_WARN_BLOCK_CAPTURE_AUTORELEASING = YES;
				CLANG_WARN_BOOL_CONVERSION = YES;
				CLANG_WARN_COMMA = YES;
				CLANG_WARN_CONSTANT_CONVERSION = YES;
				CLANG_WARN_DEPRECATED_OBJC_IMPLEMENTATIONS = YES;
				CLANG_WARN_DIRECT_OBJC_ISA_USAGE = YES_ERROR;
				CLANG_WARN_DOCUMENTATION_COMMENTS = YES;
				CLANG_WARN_EMPTY_BODY = YES;
				CLANG_WARN_ENUM_CONVERSION = YES;
				CLANG_WARN_INFINITE_RECURSION = YES;
				CLANG_WARN_INT_CONVERSION = YES;
				CLANG_WARN_NON_LITERAL_NULL_CONVERSION = YES;
				CLANG_WARN_OBJC_IMPLICIT_RETAIN_SELF = YES;
				CLANG_WARN_OBJC_LITERAL_CONVERSION = YES;
				CLANG_WARN_OBJC_ROOT_CLASS = YES_ERROR;
				CLANG_WARN_QUOTED_INCLUDE_IN_FRAMEWORK_HEADER = YES;
				CLANG_WARN_RANGE_LOOP_ANALYSIS = YES;
				CLANG_WARN_STRICT_PROTOTYPES = YES;
				CLANG_WARN_SUSPICIOUS_MOVE = YES;
				CLANG_WARN_UNGUARDED_AVAILABILITY = YES_AGGRESSIVE;
				CLANG_WARN_UNREACHABLE_CODE = YES;
				CLANG_WARN__DUPLICATE_METHOD_MATCH = YES;
				COPY_PHASE_STRIP = NO;
				DEBUG_INFORMATION_FORMAT = dwarf;
				ENABLE_STRICT_OBJC_MSGSEND = YES;
				ENABLE_TESTABILITY = YES;
				ENABLE_USER_SCRIPT_SANDBOXING = YES;
				GCC_C_LANGUAGE_STANDARD = gnu17;
				GCC_DYNAMIC_NO_PIC = NO;
				GCC_NO_COMMON_BLOCKS = YES;
				GCC_OPTIMIZATION_LEVEL = 0;
				GCC_PREPROCESSOR_DEFINITIONS = (
					"DEBUG=1",
					"$(inherited)",
				);
				GCC_WARN_64_TO_32_BIT_CONVERSION = YES;
				GCC_WARN_ABOUT_RETURN_TYPE = YES_ERROR;
				GCC_WARN_UNDECLARED_SELECTOR = YES;
				GCC_WARN_UNINITIALIZED_AUTOS = YES_AGGRESSIVE;
				GCC_WARN_UNUSED_FUNCTION = YES;
				GCC_WARN_UNUSED_VARIABLE = YES;
				IPHONEOS_DEPLOYMENT_TARGET = 17.0;
				LOCALIZATION_PREFERS_STRING_CATALOGS = YES;
				MTL_ENABLE_DEBUG_INFO = INCLUDE_SOURCE;
				MTL_FAST_MATH = YES;
				ONLY_ACTIVE_ARCH = YES;
				SDKROOT = iphoneos;
				SWIFT_ACTIVE_COMPILATION_CONDITIONS = "DEBUG $(inherited)";
				SWIFT_OPTIMIZATION_LEVEL = "-Onone";
			};
			name = Debug;
		};
		8CCC2A5B2B1F07EC00BED58C /* Release */ = {
			isa = XCBuildConfiguration;
			buildSettings = {
				ALWAYS_SEARCH_USER_PATHS = NO;
				ASSETCATALOG_COMPILER_GENERATE_SWIFT_ASSET_SYMBOL_EXTENSIONS = YES;
				CLANG_ANALYZER_NONNULL = YES;
				CLANG_ANALYZER_NUMBER_OBJECT_CONVERSION = YES_AGGRESSIVE;
				CLANG_CXX_LANGUAGE_STANDARD = "gnu++20";
				CLANG_ENABLE_MODULES = YES;
				CLANG_ENABLE_OBJC_ARC = YES;
				CLANG_ENABLE_OBJC_WEAK = YES;
				CLANG_WARN_BLOCK_CAPTURE_AUTORELEASING = YES;
				CLANG_WARN_BOOL_CONVERSION = YES;
				CLANG_WARN_COMMA = YES;
				CLANG_WARN_CONSTANT_CONVERSION = YES;
				CLANG_WARN_DEPRECATED_OBJC_IMPLEMENTATIONS = YES;
				CLANG_WARN_DIRECT_OBJC_ISA_USAGE = YES_ERROR;
				CLANG_WARN_DOCUMENTATION_COMMENTS = YES;
				CLANG_WARN_EMPTY_BODY = YES;
				CLANG_WARN_ENUM_CONVERSION = YES;
				CLANG_WARN_INFINITE_RECURSION = YES;
				CLANG_WARN_INT_CONVERSION = YES;
				CLANG_WARN_NON_LITERAL_NULL_CONVERSION = YES;
				CLANG_WARN_OBJC_IMPLICIT_RETAIN_SELF = YES;
				CLANG_WARN_OBJC_LITERAL_CONVERSION = YES;
				CLANG_WARN_OBJC_ROOT_CLASS = YES_ERROR;
				CLANG_WARN_QUOTED_INCLUDE_IN_FRAMEWORK_HEADER = YES;
				CLANG_WARN_RANGE_LOOP_ANALYSIS = YES;
				CLANG_WARN_STRICT_PROTOTYPES = YES;
				CLANG_WARN_SUSPICIOUS_MOVE = YES;
				CLANG_WARN_UNGUARDED_AVAILABILITY = YES_AGGRESSIVE;
				CLANG_WARN_UNREACHABLE_CODE = YES;
				CLANG_WARN__DUPLICATE_METHOD_MATCH = YES;
				COPY_PHASE_STRIP = NO;
				DEBUG_INFORMATION_FORMAT = "dwarf-with-dsym";
				ENABLE_NS_ASSERTIONS = NO;
				ENABLE_STRICT_OBJC_MSGSEND = YES;
				ENABLE_USER_SCRIPT_SANDBOXING = YES;
				GCC_C_LANGUAGE_STANDARD = gnu17;
				GCC_NO_COMMON_BLOCKS = YES;
				GCC_WARN_64_TO_32_BIT_CONVERSION = YES;
				GCC_WARN_ABOUT_RETURN_TYPE = YES_ERROR;
				GCC_WARN_UNDECLARED_SELECTOR = YES;
				GCC_WARN_UNINITIALIZED_AUTOS = YES_AGGRESSIVE;
				GCC_WARN_UNUSED_FUNCTION = YES;
				GCC_WARN_UNUSED_VARIABLE = YES;
				IPHONEOS_DEPLOYMENT_TARGET = 17.0;
				LOCALIZATION_PREFERS_STRING_CATALOGS = YES;
				MTL_ENABLE_DEBUG_INFO = NO;
				MTL_FAST_MATH = YES;
				SDKROOT = iphoneos;
				SWIFT_COMPILATION_MODE = wholemodule;
				VALIDATE_PRODUCT = YES;
			};
			name = Release;
		};
		8CCC2A5D2B1F07EC00BED58C /* Debug */ = {
			isa = XCBuildConfiguration;
			buildSettings = {
				ASSETCATALOG_COMPILER_APPICON_NAME = AppIcon;
				ASSETCATALOG_COMPILER_GLOBAL_ACCENT_COLOR_NAME = AccentColor;
				CODE_SIGN_STYLE = Automatic;
				CURRENT_PROJECT_VERSION = 1;
				DEVELOPMENT_TEAM = N6YF9646KN;
				GENERATE_INFOPLIST_FILE = YES;
				INFOPLIST_FILE = BluetoothRemote/Info.plist;
				INFOPLIST_KEY_UIApplicationSupportsIndirectInputEvents = YES;
				INFOPLIST_KEY_UILaunchStoryboardName = LaunchScreen;
				INFOPLIST_KEY_UIMainStoryboardFile = Main;
				INFOPLIST_KEY_UISupportedInterfaceOrientations_iPad = "UIInterfaceOrientationPortrait UIInterfaceOrientationPortraitUpsideDown UIInterfaceOrientationLandscapeLeft UIInterfaceOrientationLandscapeRight";
				INFOPLIST_KEY_UISupportedInterfaceOrientations_iPhone = "UIInterfaceOrientationPortrait UIInterfaceOrientationLandscapeLeft UIInterfaceOrientationLandscapeRight";
				LD_RUNPATH_SEARCH_PATHS = (
					"$(inherited)",
					"@executable_path/Frameworks",
				);
				MARKETING_VERSION = 1.0;
				PRODUCT_BUNDLE_IDENTIFIER = com.awesomeexperiments.BluetoothRemote;
				PRODUCT_NAME = "$(TARGET_NAME)";
				SWIFT_EMIT_LOC_STRINGS = YES;
				SWIFT_VERSION = 5.0;
				TARGETED_DEVICE_FAMILY = "1,2";
			};
			name = Debug;
		};
		8CCC2A5E2B1F07EC00BED58C /* Release */ = {
			isa = XCBuildConfiguration;
			buildSettings = {
				ASSETCATALOG_COMPILER_APPICON_NAME = AppIcon;
				ASSETCATALOG_COMPILER_GLOBAL_ACCENT_COLOR_NAME = AccentColor;
				CODE_SIGN_STYLE = Automatic;
				CURRENT_PROJECT_VERSION = 1;
				DEVELOPMENT_TEAM = N6YF9646KN;
				GENERATE_INFOPLIST_FILE = YES;
				INFOPLIST_FILE = BluetoothRemote/Info.plist;
				INFOPLIST_KEY_UIApplicationSupportsIndirectInputEvents = YES;
				INFOPLIST_KEY_UILaunchStoryboardName = LaunchScreen;
				INFOPLIST_KEY_UIMainStoryboardFile = Main;
				INFOPLIST_KEY_UISupportedInterfaceOrientations_iPad = "UIInterfaceOrientationPortrait UIInterfaceOrientationPortraitUpsideDown UIInterfaceOrientationLandscapeLeft UIInterfaceOrientationLandscapeRight";
				INFOPLIST_KEY_UISupportedInterfaceOrientations_iPhone = "UIInterfaceOrientationPortrait UIInterfaceOrientationLandscapeLeft UIInterfaceOrientationLandscapeRight";
				LD_RUNPATH_SEARCH_PATHS = (
					"$(inherited)",
					"@executable_path/Frameworks",
				);
				MARKETING_VERSION = 1.0;
				PRODUCT_BUNDLE_IDENTIFIER = com.awesomeexperiments.BluetoothRemote;
				PRODUCT_NAME = "$(TARGET_NAME)";
				SWIFT_EMIT_LOC_STRINGS = YES;
				SWIFT_VERSION = 5.0;
				TARGETED_DEVICE_FAMILY = "1,2";
			};
			name = Release;
		};
		8CCC2A602B1F07EC00BED58C /* Debug */ = {
			isa = XCBuildConfiguration;
			buildSettings = {
				ALWAYS_EMBED_SWIFT_STANDARD_LIBRARIES = YES;
				BUNDLE_LOADER = "$(TEST_HOST)";
				CODE_SIGN_STYLE = Automatic;
				CURRENT_PROJECT_VERSION = 1;
				DEVELOPMENT_TEAM = N6YF9646KN;
				GENERATE_INFOPLIST_FILE = YES;
				IPHONEOS_DEPLOYMENT_TARGET = 17.0;
				MARKETING_VERSION = 1.0;
				PRODUCT_BUNDLE_IDENTIFIER = com.awesomeexperiments.BluetoothRemoteTests;
				PRODUCT_NAME = "$(TARGET_NAME)";
				SWIFT_EMIT_LOC_STRINGS = NO;
				SWIFT_VERSION = 5.0;
				TARGETED_DEVICE_FAMILY = "1,2";
				TEST_HOST = "$(BUILT_PRODUCTS_DIR)/BluetoothRemote.app/$(BUNDLE_EXECUTABLE_FOLDER_PATH)/BluetoothRemote";
			};
			name = Debug;
		};
		8CCC2A612B1F07EC00BED58C /* Release */ = {
			isa = XCBuildConfiguration;
			buildSettings = {
				ALWAYS_EMBED_SWIFT_STANDARD_LIBRARIES = YES;
				BUNDLE_LOADER = "$(TEST_HOST)";
				CODE_SIGN_STYLE = Automatic;
				CURRENT_PROJECT_VERSION = 1;
				DEVELOPMENT_TEAM = N6YF9646KN;
				GENERATE_INFOPLIST_FILE = YES;
				IPHONEOS_DEPLOYMENT_TARGET = 17.0;
				MARKETING_VERSION = 1.0;
				PRODUCT_BUNDLE_IDENTIFIER = com.awesomeexperiments.BluetoothRemoteTests;
				PRODUCT_NAME = "$(TARGET_NAME)";
				SWIFT_EMIT_LOC_STRINGS = NO;
				SWIFT_VERSION = 5.0;
				TARGETED_DEVICE_FAMILY = "1,2";
				TEST_HOST = "$(BUILT_PRODUCTS_DIR)/BluetoothRemote.app/$(BUNDLE_EXECUTABLE_FOLDER_PATH)/BluetoothRemote";
			};
			name = Release;
		};
		8CCC2A632B1F07EC00BED58C /* Debug */ = {
			isa = XCBuildConfiguration;
			buildSettings = {
				ALWAYS_EMBED_SWIFT_STANDARD_LIBRARIES = YES;
				CODE_SIGN_STYLE = Automatic;
				CURRENT_PROJECT_VERSION = 1;
				DEVELOPMENT_TEAM = N6YF9646KN;
				GENERATE_INFOPLIST_FILE = YES;
				MARKETING_VERSION = 1.0;
				PRODUCT_BUNDLE_IDENTIFIER = com.awesomeexperiments.BluetoothRemoteUITests;
				PRODUCT_NAME = "$(TARGET_NAME)";
				SWIFT_EMIT_LOC_STRINGS = NO;
				SWIFT_VERSION = 5.0;
				TARGETED_DEVICE_FAMILY = "1,2";
				TEST_TARGET_NAME = BluetoothRemote;
			};
			name = Debug;
		};
		8CCC2A642B1F07EC00BED58C /* Release */ = {
			isa = XCBuildConfiguration;
			buildSettings = {
				ALWAYS_EMBED_SWIFT_STANDARD_LIBRARIES = YES;
				CODE_SIGN_STYLE = Automatic;
				CURRENT_PROJECT_VERSION = 1;
				DEVELOPMENT_TEAM = N6YF9646KN;
				GENERATE_INFOPLIST_FILE = YES;
				MARKETING_VERSION = 1.0;
				PRODUCT_BUNDLE_IDENTIFIER = com.awesomeexperiments.BluetoothRemoteUITests;
				PRODUCT_NAME = "$(TARGET_NAME)";
				SWIFT_EMIT_LOC_STRINGS = NO;
				SWIFT_VERSION = 5.0;
				TARGETED_DEVICE_FAMILY = "1,2";
				TEST_TARGET_NAME = BluetoothRemote;
			};
			name = Release;
		};
/* End XCBuildConfiguration section */

/* Begin XCConfigurationList section */
		8CCC2A2D2B1F07E900BED58C /* Build configuration list for PBXProject "BluetoothRemote" */ = {
			isa = XCConfigurationList;
			buildConfigurations = (
				8CCC2A5A2B1F07EC00BED58C /* Debug */,
				8CCC2A5B2B1F07EC00BED58C /* Release */,
			);
			defaultConfigurationIsVisible = 0;
			defaultConfigurationName = Release;
		};
		8CCC2A5C2B1F07EC00BED58C /* Build configuration list for PBXNativeTarget "BluetoothRemote" */ = {
			isa = XCConfigurationList;
			buildConfigurations = (
				8CCC2A5D2B1F07EC00BED58C /* Debug */,
				8CCC2A5E2B1F07EC00BED58C /* Release */,
			);
			defaultConfigurationIsVisible = 0;
			defaultConfigurationName = Release;
		};
		8CCC2A5F2B1F07EC00BED58C /* Build configuration list for PBXNativeTarget "BluetoothRemoteTests" */ = {
			isa = XCConfigurationList;
			buildConfigurations = (
				8CCC2A602B1F07EC00BED58C /* Debug */,
				8CCC2A612B1F07EC00BED58C /* Release */,
			);
			defaultConfigurationIsVisible = 0;
			defaultConfigurationName = Release;
		};
		8CCC2A622B1F07EC00BED58C /* Build configuration list for PBXNativeTarget "BluetoothRemoteUITests" */ = {
			isa = XCConfigurationList;
			buildConfigurations = (
				8CCC2A632B1F07EC00BED58C /* Debug */,
				8CCC2A642B1F07EC00BED58C /* Release */,
			);
			defaultConfigurationIsVisible = 0;
			defaultConfigurationName = Release;
		};
/* End XCConfigurationList section */
	};
	rootObject = 8CCC2A2A2B1F07E900BED58C /* Project object */;
}
